// !$*UTF8*$!
{
	archiveVersion = 1;
	classes = {
	};
	objectVersion = 77;
	objects = {

/* Begin PBXBuildFile section */
		0C350876062817F4155A7774 /* EditorView.swift in Sources */ = {isa = PBXBuildFile; fileRef = F5C53E498D4687F10F5437FF /* EditorView.swift */; };
		2A54DFD473A8F88A317B432A /* ChatView.swift in Sources */ = {isa = PBXBuildFile; fileRef = FAD91863DB61C16BBA5AC1B9 /* ChatView.swift */; };
		343FA49F71880237DB588D66 /* FilesView.swift in Sources */ = {isa = PBXBuildFile; fileRef = CF6C66A2DC9A51A64B234466 /* FilesView.swift */; };
		6299E309D30BC78CDD894F09 /* GenieDuoContainerView.swift in Sources */ = {isa = PBXBuildFile; fileRef = 61041B45D45F084626A29808 /* GenieDuoContainerView.swift */; };
		648612A7D2EE20AC8C08EFCF /* GenieAgentCore in Frameworks */ = {isa = PBXBuildFile; productRef = CD5A393EC4BA75B00B173716 /* GenieAgentCore */; };
		7DE4B5F1711AF743F8DBE930 /* SettingsView.swift in Sources */ = {isa = PBXBuildFile; fileRef = FCC83BFC81F124CA8AE5C140 /* SettingsView.swift */; };
		8B24435C61FB9BC114498008 /* Assets.xcassets in Resources */ = {isa = PBXBuildFile; fileRef = 4B622B6709EF910F741AC6D9 /* Assets.xcassets */; };
		9CE82D71A9DABE5F6212DD85 /* DocumentTabStore.swift in Sources */ = {isa = PBXBuildFile; fileRef = 42BEC0B506382DCA6C102F33 /* DocumentTabStore.swift */; };
		AAFB86EF6136958B6FB4DEEB /* AgentSessionStore.swift in Sources */ = {isa = PBXBuildFile; fileRef = 0698E37C0A4E60FF24E22584 /* AgentSessionStore.swift */; };
		CD5A1F33AB4E02215D626975 /* WorkspaceStore.swift in Sources */ = {isa = PBXBuildFile; fileRef = 1B4AB161A90A3AC2CBD01CA2 /* WorkspaceStore.swift */; };
		CD9E3B4E9352A371D65AB1C3 /* RootTabView.swift in Sources */ = {isa = PBXBuildFile; fileRef = 396E856B5494BCA2A55E4515 /* RootTabView.swift */; };
		E47C4BBB0A0E726479E1E732 /* GenieCLIView.swift in Sources */ = {isa = PBXBuildFile; fileRef = 1F51B150EBD6C2596054EF80 /* GenieCLIView.swift */; };
		E610A8F7DD1A1F3498F62213 /* GenieMobileApp.swift in Sources */ = {isa = PBXBuildFile; fileRef = 5BF0F4D6A00920997D5CDB6E /* GenieMobileApp.swift */; };
		ECF984FC4B5CEDB4FE4962E0 /* PlatformCompatibility.swift in Sources */ = {isa = PBXBuildFile; fileRef = EAB7EE3C18D868ECD8E58012 /* PlatformCompatibility.swift */; };
/* End PBXBuildFile section */

/* Begin PBXFileReference section */
		0698E37C0A4E60FF24E22584 /* AgentSessionStore.swift */ = {isa = PBXFileReference; lastKnownFileType = sourcecode.swift; path = AgentSessionStore.swift; sourceTree = "<group>"; };
		1B4AB161A90A3AC2CBD01CA2 /* WorkspaceStore.swift */ = {isa = PBXFileReference; lastKnownFileType = sourcecode.swift; path = WorkspaceStore.swift; sourceTree = "<group>"; };
		1F51B150EBD6C2596054EF80 /* GenieCLIView.swift */ = {isa = PBXFileReference; lastKnownFileType = sourcecode.swift; path = GenieCLIView.swift; sourceTree = "<group>"; };
		396E856B5494BCA2A55E4515 /* RootTabView.swift */ = {isa = PBXFileReference; lastKnownFileType = sourcecode.swift; path = RootTabView.swift; sourceTree = "<group>"; };
		42BEC0B506382DCA6C102F33 /* DocumentTabStore.swift */ = {isa = PBXFileReference; lastKnownFileType = sourcecode.swift; path = DocumentTabStore.swift; sourceTree = "<group>"; };
		4B622B6709EF910F741AC6D9 /* Assets.xcassets */ = {isa = PBXFileReference; lastKnownFileType = folder.assetcatalog; path = Assets.xcassets; sourceTree = "<group>"; };
		5BF0F4D6A00920997D5CDB6E /* GenieMobileApp.swift */ = {isa = PBXFileReference; lastKnownFileType = sourcecode.swift; path = GenieMobileApp.swift; sourceTree = "<group>"; };
		61041B45D45F084626A29808 /* GenieDuoContainerView.swift */ = {isa = PBXFileReference; lastKnownFileType = sourcecode.swift; path = GenieDuoContainerView.swift; sourceTree = "<group>"; };
		82176DF8DE5EE9E243A483CE /* AgentRuntime */ = {isa = PBXFileReference; lastKnownFileType = folder; name = AgentRuntime; path = ../AgentRuntime; sourceTree = SOURCE_ROOT; };
		CF6C66A2DC9A51A64B234466 /* FilesView.swift */ = {isa = PBXFileReference; lastKnownFileType = sourcecode.swift; path = FilesView.swift; sourceTree = "<group>"; };
		D52237D1FDDA1115FF3A4115 /* Genie.app */ = {isa = PBXFileReference; includeInIndex = 0; lastKnownFileType = wrapper.application; path = Genie.app; sourceTree = BUILT_PRODUCTS_DIR; };
		EAB7EE3C18D868ECD8E58012 /* PlatformCompatibility.swift */ = {isa = PBXFileReference; lastKnownFileType = sourcecode.swift; path = PlatformCompatibility.swift; sourceTree = "<group>"; };
		F5C53E498D4687F10F5437FF /* EditorView.swift */ = {isa = PBXFileReference; lastKnownFileType = sourcecode.swift; path = EditorView.swift; sourceTree = "<group>"; };
		FAD91863DB61C16BBA5AC1B9 /* ChatView.swift */ = {isa = PBXFileReference; lastKnownFileType = sourcecode.swift; path = ChatView.swift; sourceTree = "<group>"; };
		FCC83BFC81F124CA8AE5C140 /* SettingsView.swift */ = {isa = PBXFileReference; lastKnownFileType = sourcecode.swift; path = SettingsView.swift; sourceTree = "<group>"; };
/* End PBXFileReference section */

/* Begin PBXFrameworksBuildPhase section */
		92DFCD2CFBA0F45167DB16B6 /* Frameworks */ = {
			isa = PBXFrameworksBuildPhase;
			buildActionMask = 2147483647;
			files = (
				648612A7D2EE20AC8C08EFCF /* GenieAgentCore in Frameworks */,
			);
			runOnlyForDeploymentPostprocessing = 0;
		};
/* End PBXFrameworksBuildPhase section */

/* Begin PBXGroup section */
		0EEFBEB0F1AB1A894C2AD845 /* Packages */ = {
			isa = PBXGroup;
			children = (
				82176DF8DE5EE9E243A483CE /* AgentRuntime */,
			);
			name = Packages;
			sourceTree = "<group>";
		};
		23266A14C2D4F8649B533F97 /* GenieMobile */ = {
			isa = PBXGroup;
			children = (
				0698E37C0A4E60FF24E22584 /* AgentSessionStore.swift */,
				4B622B6709EF910F741AC6D9 /* Assets.xcassets */,
				FAD91863DB61C16BBA5AC1B9 /* ChatView.swift */,
				42BEC0B506382DCA6C102F33 /* DocumentTabStore.swift */,
				F5C53E498D4687F10F5437FF /* EditorView.swift */,
				CF6C66A2DC9A51A64B234466 /* FilesView.swift */,
				1F51B150EBD6C2596054EF80 /* GenieCLIView.swift */,
				61041B45D45F084626A29808 /* GenieDuoContainerView.swift */,
				5BF0F4D6A00920997D5CDB6E /* GenieMobileApp.swift */,
				EAB7EE3C18D868ECD8E58012 /* PlatformCompatibility.swift */,
				396E856B5494BCA2A55E4515 /* RootTabView.swift */,
				FCC83BFC81F124CA8AE5C140 /* SettingsView.swift */,
				1B4AB161A90A3AC2CBD01CA2 /* WorkspaceStore.swift */,
			);
			name = GenieMobile;
			path = Sources/GenieMobile;
			sourceTree = "<group>";
		};
		8511C33CBC11F5CEDAD3D4E9 /* Products */ = {
			isa = PBXGroup;
			children = (
				D52237D1FDDA1115FF3A4115 /* Genie.app */,
			);
			name = Products;
			sourceTree = "<group>";
		};
		C995B9388FACE3D79FE6950C = {
			isa = PBXGroup;
			children = (
				23266A14C2D4F8649B533F97 /* GenieMobile */,
				0EEFBEB0F1AB1A894C2AD845 /* Packages */,
				8511C33CBC11F5CEDAD3D4E9 /* Products */,
			);
			sourceTree = "<group>";
		};
/* End PBXGroup section */

/* Begin PBXNativeTarget section */
		7D713815015CE4D8F16D8B05 /* Genie */ = {
			isa = PBXNativeTarget;
			buildConfigurationList = 595ED0FA6D3C5CC348E1F273 /* Build configuration list for PBXNativeTarget "Genie" */;
			buildPhases = (
				CC6732A0952E4AD9536A6FCB /* Sources */,
				7613872703F85EE0C9CB36DD /* Resources */,
				92DFCD2CFBA0F45167DB16B6 /* Frameworks */,
			);
			buildRules = (
			);
			dependencies = (
			);
			name = Genie;
			packageProductDependencies = (
				CD5A393EC4BA75B00B173716 /* GenieAgentCore */,
			);
			productName = Genie;
			productReference = D52237D1FDDA1115FF3A4115 /* Genie.app */;
			productType = "com.apple.product-type.application";
		};
/* End PBXNativeTarget section */

/* Begin PBXProject section */
		1314CF63E4F25A88F685A56D /* Project object */ = {
			isa = PBXProject;
			attributes = {
				BuildIndependentTargetsInParallel = YES;
				LastUpgradeCheck = 1430;
				TargetAttributes = {
				};
			};
			buildConfigurationList = CDE8C39DB2363F4F1BF9E5ED /* Build configuration list for PBXProject "Genie" */;
			developmentRegion = en;
			hasScannedForEncodings = 0;
			knownRegions = (
				Base,
				en,
			);
			mainGroup = C995B9388FACE3D79FE6950C;
			minimizedProjectReferenceProxies = 1;
			packageReferences = (
				56CF4F08091A1D5D0E54389C /* XCLocalSwiftPackageReference "../AgentRuntime" */,
			);
			preferredProjectObjectVersion = 77;
			productRefGroup = 8511C33CBC11F5CEDAD3D4E9 /* Products */;
			projectDirPath = "";
			projectRoot = "";
			targets = (
				7D713815015CE4D8F16D8B05 /* Genie */,
			);
		};
/* End PBXProject section */

/* Begin PBXResourcesBuildPhase section */
		7613872703F85EE0C9CB36DD /* Resources */ = {
			isa = PBXResourcesBuildPhase;
			buildActionMask = 2147483647;
			files = (
				8B24435C61FB9BC114498008 /* Assets.xcassets in Resources */,
			);
			runOnlyForDeploymentPostprocessing = 0;
		};
/* End PBXResourcesBuildPhase section */

/* Begin PBXSourcesBuildPhase section */
		CC6732A0952E4AD9536A6FCB /* Sources */ = {
			isa = PBXSourcesBuildPhase;
			buildActionMask = 2147483647;
			files = (
				AAFB86EF6136958B6FB4DEEB /* AgentSessionStore.swift in Sources */,
				2A54DFD473A8F88A317B432A /* ChatView.swift in Sources */,
				9CE82D71A9DABE5F6212DD85 /* DocumentTabStore.swift in Sources */,
				0C350876062817F4155A7774 /* EditorView.swift in Sources */,
				343FA49F71880237DB588D66 /* FilesView.swift in Sources */,
				E47C4BBB0A0E726479E1E732 /* GenieCLIView.swift in Sources */,
				6299E309D30BC78CDD894F09 /* GenieDuoContainerView.swift in Sources */,
				E610A8F7DD1A1F3498F62213 /* GenieMobileApp.swift in Sources */,
				ECF984FC4B5CEDB4FE4962E0 /* PlatformCompatibility.swift in Sources */,
				CD9E3B4E9352A371D65AB1C3 /* RootTabView.swift in Sources */,
				7DE4B5F1711AF743F8DBE930 /* SettingsView.swift in Sources */,
				CD5A1F33AB4E02215D626975 /* WorkspaceStore.swift in Sources */,
			);
			runOnlyForDeploymentPostprocessing = 0;
		};
/* End PBXSourcesBuildPhase section */

/* Begin XCBuildConfiguration section */
		3E82AE78FFAF0DF70212DC0C /* Debug */ = {
			isa = XCBuildConfiguration;
			buildSettings = {
				ASSETCATALOG_COMPILER_APPICON_NAME = AppIcon;
				CODE_SIGN_IDENTITY = "iPhone Developer";
				CURRENT_PROJECT_VERSION = 1;
				ENABLE_PREVIEWS = YES;
				GENERATE_INFOPLIST_FILE = NO;
				INFOPLIST_FILE = Generated/Info.plist;
				LD_RUNPATH_SEARCH_PATHS = (
					"$(inherited)",
					"@executable_path/Frameworks",
				);
				MARKETING_VERSION = 1.0;
				PRODUCT_BUNDLE_IDENTIFIER = com.nicholasdudek.genie.mobile;
				SDKROOT = iphoneos;
				SWIFT_VERSION = 6.0;
				TARGETED_DEVICE_FAMILY = "1,2";
			};
			name = Debug;
		};
		425E5C7A2AFF678A5E9E3C9A /* Release */ = {
			isa = XCBuildConfiguration;
			buildSettings = {
				ALWAYS_SEARCH_USER_PATHS = NO;
				CLANG_ANALYZER_NONNULL = YES;
				CLANG_ANALYZER_NUMBER_OBJECT_CONVERSION = YES_AGGRESSIVE;
				CLANG_CXX_LANGUAGE_STANDARD = "gnu++14";
				CLANG_CXX_LIBRARY = "libc++";
				CLANG_ENABLE_MODULES = YES;
				CLANG_ENABLE_OBJC_ARC = YES;
				CLANG_ENABLE_OBJC_WEAK = YES;
				CLANG_WARN_BLOCK_CAPTURE_AUTORELEASING = YES;
				CLANG_WARN_BOOL_CONVERSION = YES;
				CLANG_WARN_COMMA = YES;
				CLANG_WARN_CONSTANT_CONVERSION = YES;
				CLANG_WARN_DEPRECATED_OBJC_IMPLEMENTATIONS = YES;
				CLANG_WARN_DIRECT_OBJC_ISA_USAGE = YES_ERROR;
				CLANG_WARN_DOCUMENTATION_COMMENTS = YES;
				CLANG_WARN_EMPTY_BODY = YES;
				CLANG_WARN_ENUM_CONVERSION = YES;
				CLANG_WARN_INFINITE_RECURSION = YES;
				CLANG_WARN_INT_CONVERSION = YES;
				CLANG_WARN_NON_LITERAL_NULL_CONVERSION = YES;
				CLANG_WARN_OBJC_IMPLICIT_RETAIN_SELF = YES;
				CLANG_WARN_OBJC_LITERAL_CONVERSION = YES;
				CLANG_WARN_OBJC_ROOT_CLASS = YES_ERROR;
				CLANG_WARN_QUOTED_INCLUDE_IN_FRAMEWORK_HEADER = YES;
				CLANG_WARN_RANGE_LOOP_ANALYSIS = YES;
				CLANG_WARN_STRICT_PROTOTYPES = YES;
				CLANG_WARN_SUSPICIOUS_MOVE = YES;
				CLANG_WARN_UNGUARDED_AVAILABILITY = YES_AGGRESSIVE;
				CLANG_WARN_UNREACHABLE_CODE = YES;
				CLANG_WARN__DUPLICATE_METHOD_MATCH = YES;
				COPY_PHASE_STRIP = NO;
				DEBUG_INFORMATION_FORMAT = "dwarf-with-dsym";
				ENABLE_NS_ASSERTIONS = NO;
				ENABLE_STRICT_OBJC_MSGSEND = YES;
				GCC_C_LANGUAGE_STANDARD = gnu11;
				GCC_NO_COMMON_BLOCKS = YES;
				GCC_WARN_64_TO_32_BIT_CONVERSION = YES;
				GCC_WARN_ABOUT_RETURN_TYPE = YES_ERROR;
				GCC_WARN_UNDECLARED_SELECTOR = YES;
				GCC_WARN_UNINITIALIZED_AUTOS = YES_AGGRESSIVE;
				GCC_WARN_UNUSED_FUNCTION = YES;
				GCC_WARN_UNUSED_VARIABLE = YES;
				IPHONEOS_DEPLOYMENT_TARGET = 17.0;
				MTL_ENABLE_DEBUG_INFO = NO;
				MTL_FAST_MATH = YES;
				PRODUCT_NAME = "$(TARGET_NAME)";
				SDKROOT = iphoneos;
				SWIFT_COMPILATION_MODE = wholemodule;
				SWIFT_OPTIMIZATION_LEVEL = "-O";
				SWIFT_VERSION = 5.0;
			};
			name = Release;
		};
		4E3BE95AC9728B2DCBD421E4 /* Release */ = {
			isa = XCBuildConfiguration;
			buildSettings = {
				ASSETCATALOG_COMPILER_APPICON_NAME = AppIcon;
				CODE_SIGN_IDENTITY = "iPhone Developer";
				CURRENT_PROJECT_VERSION = 1;
				ENABLE_PREVIEWS = YES;
				GENERATE_INFOPLIST_FILE = NO;
				INFOPLIST_FILE = Generated/Info.plist;
				LD_RUNPATH_SEARCH_PATHS = (
					"$(inherited)",
					"@executable_path/Frameworks",
				);
				MARKETING_VERSION = 1.0;
				PRODUCT_BUNDLE_IDENTIFIER = com.nicholasdudek.genie.mobile;
				SDKROOT = iphoneos;
				SWIFT_VERSION = 6.0;
				TARGETED_DEVICE_FAMILY = "1,2";
			};
			name = Release;
		};
		631AD6627F5DEBA9FCB1DCC5 /* Debug */ = {
			isa = XCBuildConfiguration;
			buildSettings = {
				ALWAYS_SEARCH_USER_PATHS = NO;
				CLANG_ANALYZER_NONNULL = YES;
				CLANG_ANALYZER_NUMBER_OBJECT_CONVERSION = YES_AGGRESSIVE;
				CLANG_CXX_LANGUAGE_STANDARD = "gnu++14";
				CLANG_CXX_LIBRARY = "libc++";
				CLANG_ENABLE_MODULES = YES;
				CLANG_ENABLE_OBJC_ARC = YES;
				CLANG_ENABLE_OBJC_WEAK = YES;
				CLANG_WARN_BLOCK_CAPTURE_AUTORELEASING = YES;
				CLANG_WARN_BOOL_CONVERSION = YES;
				CLANG_WARN_COMMA = YES;
				CLANG_WARN_CONSTANT_CONVERSION = YES;
				CLANG_WARN_DEPRECATED_OBJC_IMPLEMENTATIONS = YES;
				CLANG_WARN_DIRECT_OBJC_ISA_USAGE = YES_ERROR;
				CLANG_WARN_DOCUMENTATION_COMMENTS = YES;
				CLANG_WARN_EMPTY_BODY = YES;
				CLANG_WARN_ENUM_CONVERSION = YES;
				CLANG_WARN_INFINITE_RECURSION = YES;
				CLANG_WARN_INT_CONVERSION = YES;
				CLANG_WARN_NON_LITERAL_NULL_CONVERSION = YES;
				CLANG_WARN_OBJC_IMPLICIT_RETAIN_SELF = YES;
				CLANG_WARN_OBJC_LITERAL_CONVERSION = YES;
				CLANG_WARN_OBJC_ROOT_CLASS = YES_ERROR;
				CLANG_WARN_QUOTED_INCLUDE_IN_FRAMEWORK_HEADER = YES;
				CLANG_WARN_RANGE_LOOP_ANALYSIS = YES;
				CLANG_WARN_STRICT_PROTOTYPES = YES;
				CLANG_WARN_SUSPICIOUS_MOVE = YES;
				CLANG_WARN_UNGUARDED_AVAILABILITY = YES_AGGRESSIVE;
				CLANG_WARN_UNREACHABLE_CODE = YES;
				CLANG_WARN__DUPLICATE_METHOD_MATCH = YES;
				COPY_PHASE_STRIP = NO;
				DEBUG_INFORMATION_FORMAT = dwarf;
				ENABLE_STRICT_OBJC_MSGSEND = YES;
				ENABLE_TESTABILITY = YES;
				GCC_C_LANGUAGE_STANDARD = gnu11;
				GCC_DYNAMIC_NO_PIC = NO;
				GCC_NO_COMMON_BLOCKS = YES;
				GCC_OPTIMIZATION_LEVEL = 0;
				GCC_PREPROCESSOR_DEFINITIONS = (
					"$(inherited)",
					"DEBUG=1",
				);
				GCC_WARN_64_TO_32_BIT_CONVERSION = YES;
				GCC_WARN_ABOUT_RETURN_TYPE = YES_ERROR;
				GCC_WARN_UNDECLARED_SELECTOR = YES;
				GCC_WARN_UNINITIALIZED_AUTOS = YES_AGGRESSIVE;
				GCC_WARN_UNUSED_FUNCTION = YES;
				GCC_WARN_UNUSED_VARIABLE = YES;
				IPHONEOS_DEPLOYMENT_TARGET = 17.0;
				MTL_ENABLE_DEBUG_INFO = INCLUDE_SOURCE;
				MTL_FAST_MATH = YES;
				ONLY_ACTIVE_ARCH = YES;
				PRODUCT_NAME = "$(TARGET_NAME)";
				SDKROOT = iphoneos;
				SWIFT_ACTIVE_COMPILATION_CONDITIONS = DEBUG;
				SWIFT_OPTIMIZATION_LEVEL = "-Onone";
				SWIFT_VERSION = 5.0;
			};
			name = Debug;
		};
/* End XCBuildConfiguration section */

/* Begin XCConfigurationList section */
		595ED0FA6D3C5CC348E1F273 /* Build configuration list for PBXNativeTarget "Genie" */ = {
			isa = XCConfigurationList;
			buildConfigurations = (
				3E82AE78FFAF0DF70212DC0C /* Debug */,
				4E3BE95AC9728B2DCBD421E4 /* Release */,
			);
			defaultConfigurationIsVisible = 0;
			defaultConfigurationName = Debug;
		};
		CDE8C39DB2363F4F1BF9E5ED /* Build configuration list for PBXProject "Genie" */ = {
			isa = XCConfigurationList;
			buildConfigurations = (
				631AD6627F5DEBA9FCB1DCC5 /* Debug */,
				425E5C7A2AFF678A5E9E3C9A /* Release */,
			);
			defaultConfigurationIsVisible = 0;
			defaultConfigurationName = Debug;
		};
/* End XCConfigurationList section */

/* Begin XCLocalSwiftPackageReference section */
		56CF4F08091A1D5D0E54389C /* XCLocalSwiftPackageReference "../AgentRuntime" */ = {
			isa = XCLocalSwiftPackageReference;
			relativePath = ../AgentRuntime;
		};
/* End XCLocalSwiftPackageReference section */

/* Begin XCSwiftPackageProductDependency section */
		CD5A393EC4BA75B00B173716 /* GenieAgentCore */ = {
			isa = XCSwiftPackageProductDependency;
			productName = GenieAgentCore;
		};
/* End XCSwiftPackageProductDependency section */
	};
	rootObject = 1314CF63E4F25A88F685A56D /* Project object */;
}
